
Microsoft Visual Studio Solution File, Format Version 12.00
# Visual Studio Version 17
VisualStudioVersion = 17.11.35327.3
MinimumVisualStudioVersion = 10.0.40219.1
Project("{FAE04EC0-301F-11D3-BF4B-00C04F79EFBC}") = "CyberCafe", "CyberCafe\CyberCafe.csproj", "{967004E5-438A-4209-874C-C713F02AC768}"
EndProject
Global
	GlobalSection(SolutionConfigurationPlatforms) = preSolution
		Debug|Any CPU = Debug|Any CPU
		Release|Any CPU = Release|Any CPU
	EndGlobalSection
	GlobalSection(ProjectConfigurationPlatforms) = postSolution
		{967004E5-438A-4209-874C-C713F02AC768}.Debug|Any CPU.ActiveCfg = Debug|Any CPU
		{967004E5-438A-4209-874C-C713F02AC768}.Debug|Any CPU.Build.0 = Debug|Any CPU
		{967004E5-438A-4209-874C-C713F02AC768}.Release|Any CPU.ActiveCfg = Release|Any CPU
		{967004E5-438A-4209-874C-C713F02AC768}.Release|Any CPU.Build.0 = Release|Any CPU
	EndGlobalSection
	GlobalSection(SolutionProperties) = preSolution
		HideSolutionNode = FALSE
	EndGlobalSection
	GlobalSection(ExtensibilityGlobals) = postSolution
		SolutionGuid = {2834639A-76A2-4FCA-A207-273911F133CD}
	EndGlobalSection
EndGlobal
